
Microsoft Visual Studio Solution File, Format Version 12.00
# Visual Studio Version 16
VisualStudioVersion = 16.0.31624.102
MinimumVisualStudioVersion = 10.0.40219.1
Project("{FAE04EC0-301F-11D3-BF4B-00C04F79EFBC}") = "CalculatorG4", "CalculatorG4\CalculatorG4.csproj", "{D13E11E7-0626-49D3-9541-B992BFF3EC15}"
EndProject
Global
	GlobalSection(SolutionConfigurationPlatforms) = preSolution
		Debug|Any CPU = Debug|Any CPU
		Release|Any CPU = Release|Any CPU
	EndGlobalSection
	GlobalSection(ProjectConfigurationPlatforms) = postSolution
		{D13E11E7-0626-49D3-9541-B992BFF3EC15}.Debug|Any CPU.ActiveCfg = Debug|Any CPU
		{D13E11E7-0626-49D3-9541-B992BFF3EC15}.Debug|Any CPU.Build.0 = Debug|Any CPU
		{D13E11E7-0626-49D3-9541-B992BFF3EC15}.Release|Any CPU.ActiveCfg = Release|Any CPU
		{D13E11E7-0626-49D3-9541-B992BFF3EC15}.Release|Any CPU.Build.0 = Release|Any CPU
	EndGlobalSection
	GlobalSection(SolutionProperties) = preSolution
		HideSolutionNode = FALSE
	EndGlobalSection
	GlobalSection(ExtensibilityGlobals) = postSolution
		SolutionGuid = {E38C0292-7E75-4864-8A6B-62D7ED950AB4}
	EndGlobalSection
EndGlobal
